
Microsoft Visual Studio Solution File, Format Version 12.00
# Visual Studio Version 16
VisualStudioVersion = 16.0.30114.105
MinimumVisualStudioVersion = 10.0.40219.1
Project("{FAE04EC0-301F-11D3-BF4B-00C04F79EFBC}") = "TweetPool", "TweetPool.csproj", "{97ACCFC4-D78E-4FAC-8790-56882E9AA17E}"
EndProject
Project("{FAE04EC0-301F-11D3-BF4B-00C04F79EFBC}") = "TweetPool.Tests", "TweetPool.Tests\TweetPool.Tests.csproj", "{60FD3EAF-D85D-49F9-8729-492E1670019B}"
EndProject
Global
	GlobalSection(SolutionConfigurationPlatforms) = preSolution
		Debug|Any CPU = Debug|Any CPU
		Release|Any CPU = Release|Any CPU
	EndGlobalSection
	GlobalSection(SolutionProperties) = preSolution
		HideSolutionNode = FALSE
	EndGlobalSection
	GlobalSection(ProjectConfigurationPlatforms) = postSolution
		{97ACCFC4-D78E-4FAC-8790-56882E9AA17E}.Debug|Any CPU.ActiveCfg = Debug|Any CPU
		{97ACCFC4-D78E-4FAC-8790-56882E9AA17E}.Debug|Any CPU.Build.0 = Debug|Any CPU
		{97ACCFC4-D78E-4FAC-8790-56882E9AA17E}.Release|Any CPU.ActiveCfg = Release|Any CPU
		{97ACCFC4-D78E-4FAC-8790-56882E9AA17E}.Release|Any CPU.Build.0 = Release|Any CPU
		{60FD3EAF-D85D-49F9-8729-492E1670019B}.Debug|Any CPU.ActiveCfg = Debug|Any CPU
		{60FD3EAF-D85D-49F9-8729-492E1670019B}.Debug|Any CPU.Build.0 = Debug|Any CPU
		{60FD3EAF-D85D-49F9-8729-492E1670019B}.Release|Any CPU.ActiveCfg = Release|Any CPU
		{60FD3EAF-D85D-49F9-8729-492E1670019B}.Release|Any CPU.Build.0 = Release|Any CPU
	EndGlobalSection
EndGlobal
